
Microsoft Visual Studio Solution File, Format Version 11.00
# Visual Studio 2010
Project("{FAE04EC0-301F-11D3-BF4B-00C04F79EFBC}") = "Assembly-CSharp", "Assembly-CSharp.csproj", "{0BB53F4F-6A82-ABE9-42C2-B7ADD92C2876}"
EndProject
Project("{FAE04EC0-301F-11D3-BF4B-00C04F79EFBC}") = "Boxophobic.Utils.Scripts", "Boxophobic.Utils.Scripts.csproj", "{31E80B3E-49F3-E47A-64DB-87E3BC7945BB}"
EndProject
Project("{FAE04EC0-301F-11D3-BF4B-00C04F79EFBC}") = "Boxophobic.Utils.Editor", "Boxophobic.Utils.Editor.csproj", "{88AED150-B3A4-61E1-1EC9-1E690780840E}"
EndProject
Project("{FAE04EC0-301F-11D3-BF4B-00C04F79EFBC}") = "Assembly-CSharp-Editor", "Assembly-CSharp-Editor.csproj", "{4AE8EC05-4A59-876F-9ED7-474151A06B4B}"
EndProject
Global
	GlobalSection(SolutionConfigurationPlatforms) = preSolution
		Debug|Any CPU = Debug|Any CPU
		Release|Any CPU = Release|Any CPU
	EndGlobalSection
	GlobalSection(ProjectConfigurationPlatforms) = postSolution
		{0BB53F4F-6A82-ABE9-42C2-B7ADD92C2876}.Debug|Any CPU.ActiveCfg = Debug|Any CPU
		{0BB53F4F-6A82-ABE9-42C2-B7ADD92C2876}.Debug|Any CPU.Build.0 = Debug|Any CPU
		{0BB53F4F-6A82-ABE9-42C2-B7ADD92C2876}.Release|Any CPU.ActiveCfg = Release|Any CPU
		{0BB53F4F-6A82-ABE9-42C2-B7ADD92C2876}.Release|Any CPU.Build.0 = Release|Any CPU
		{31E80B3E-49F3-E47A-64DB-87E3BC7945BB}.Debug|Any CPU.ActiveCfg = Debug|Any CPU
		{31E80B3E-49F3-E47A-64DB-87E3BC7945BB}.Debug|Any CPU.Build.0 = Debug|Any CPU
		{31E80B3E-49F3-E47A-64DB-87E3BC7945BB}.Release|Any CPU.ActiveCfg = Release|Any CPU
		{31E80B3E-49F3-E47A-64DB-87E3BC7945BB}.Release|Any CPU.Build.0 = Release|Any CPU
		{88AED150-B3A4-61E1-1EC9-1E690780840E}.Debug|Any CPU.ActiveCfg = Debug|Any CPU
		{88AED150-B3A4-61E1-1EC9-1E690780840E}.Debug|Any CPU.Build.0 = Debug|Any CPU
		{88AED150-B3A4-61E1-1EC9-1E690780840E}.Release|Any CPU.ActiveCfg = Release|Any CPU
		{88AED150-B3A4-61E1-1EC9-1E690780840E}.Release|Any CPU.Build.0 = Release|Any CPU
		{4AE8EC05-4A59-876F-9ED7-474151A06B4B}.Debug|Any CPU.ActiveCfg = Debug|Any CPU
		{4AE8EC05-4A59-876F-9ED7-474151A06B4B}.Debug|Any CPU.Build.0 = Debug|Any CPU
		{4AE8EC05-4A59-876F-9ED7-474151A06B4B}.Release|Any CPU.ActiveCfg = Release|Any CPU
		{4AE8EC05-4A59-876F-9ED7-474151A06B4B}.Release|Any CPU.Build.0 = Release|Any CPU
	EndGlobalSection
	GlobalSection(SolutionProperties) = preSolution
		HideSolutionNode = FALSE
	EndGlobalSection
EndGlobal
