
Microsoft Visual Studio Solution File, Format Version 11.00
# Visual Studio 2010
Project("{FAE04EC0-301F-11D3-BF4B-00C04F79EFBC}") = "Assembly-CSharp", "Assembly-CSharp.csproj", "{0BB53F4F-6A82-ABE9-42C2-B7ADD92C2876}"
EndProject
Global
	GlobalSection(SolutionConfigurationPlatforms) = preSolution
		Debug|Any CPU = Debug|Any CPU
		Release|Any CPU = Release|Any CPU
	EndGlobalSection
	GlobalSection(ProjectConfigurationPlatforms) = postSolution
		{0BB53F4F-6A82-ABE9-42C2-B7ADD92C2876}.Debug|Any CPU.ActiveCfg = Debug|Any CPU
		{0BB53F4F-6A82-ABE9-42C2-B7ADD92C2876}.Debug|Any CPU.Build.0 = Debug|Any CPU
		{0BB53F4F-6A82-ABE9-42C2-B7ADD92C2876}.Release|Any CPU.ActiveCfg = Release|Any CPU
		{0BB53F4F-6A82-ABE9-42C2-B7ADD92C2876}.Release|Any CPU.Build.0 = Release|Any CPU
	EndGlobalSection
	GlobalSection(SolutionProperties) = preSolution
		HideSolutionNode = FALSE
	EndGlobalSection
EndGlobal
