
Microsoft Visual Studio Solution File, Format Version 11.00
# Visual Studio 2010
Project("{FAE04EC0-301F-11D3-BF4B-00C04F79EFBC}") = "Assembly-CSharp", "Assembly-CSharp.csproj", "{4f3fb50b-826a-e9ab-42c2-b7add92c2876}"
EndProject
Project("{FAE04EC0-301F-11D3-BF4B-00C04F79EFBC}") = "Boxophobic.Utils.Scripts", "Boxophobic.Utils.Scripts.csproj", "{3e0be831-f349-7ae4-64db-87e3bc7945bb}"
EndProject
Project("{FAE04EC0-301F-11D3-BF4B-00C04F79EFBC}") = "Boxophobic.SkyboxCubemapExtended.Editor", "Boxophobic.SkyboxCubemapExtended.Editor.csproj", "{603456e4-319d-9620-0d3b-1bc6bccf1444}"
EndProject
Project("{FAE04EC0-301F-11D3-BF4B-00C04F79EFBC}") = "Boxophobic.Utils.Editor", "Boxophobic.Utils.Editor.csproj", "{50d1ae88-a4b3-e161-1ec9-1e690780840e}"
EndProject
Global
	GlobalSection(SolutionConfigurationPlatforms) = preSolution
		Debug|Any CPU = Debug|Any CPU
	EndGlobalSection
	GlobalSection(ProjectConfigurationPlatforms) = postSolution
		{4f3fb50b-826a-e9ab-42c2-b7add92c2876}.Debug|Any CPU.ActiveCfg = Debug|Any CPU
		{4f3fb50b-826a-e9ab-42c2-b7add92c2876}.Debug|Any CPU.Build.0 = Debug|Any CPU
		{3e0be831-f349-7ae4-64db-87e3bc7945bb}.Debug|Any CPU.ActiveCfg = Debug|Any CPU
		{3e0be831-f349-7ae4-64db-87e3bc7945bb}.Debug|Any CPU.Build.0 = Debug|Any CPU
		{603456e4-319d-9620-0d3b-1bc6bccf1444}.Debug|Any CPU.ActiveCfg = Debug|Any CPU
		{603456e4-319d-9620-0d3b-1bc6bccf1444}.Debug|Any CPU.Build.0 = Debug|Any CPU
		{50d1ae88-a4b3-e161-1ec9-1e690780840e}.Debug|Any CPU.ActiveCfg = Debug|Any CPU
		{50d1ae88-a4b3-e161-1ec9-1e690780840e}.Debug|Any CPU.Build.0 = Debug|Any CPU
	EndGlobalSection
	GlobalSection(SolutionProperties) = preSolution
		HideSolutionNode = FALSE
	EndGlobalSection
EndGlobal
